
Microsoft Visual Studio Solution File, Format Version 12.00
# Visual Studio 15
VisualStudioVersion = 15.0.26730.16
MinimumVisualStudioVersion = 10.0.40219.1
Project("{9A19103F-16F7-4668-BE54-9A1E7A4F7556}") = "Test.Data", "Test.Data\Test.Data.csproj", "{74E23C69-E6DD-48ED-9299-13B3B03121B9}"
EndProject
Project("{9A19103F-16F7-4668-BE54-9A1E7A4F7556}") = "Test.Core", "Test.Core\Test.Core.csproj", "{C90DB8AA-9842-4A17-A74A-87DF239A3704}"
EndProject
Project("{9A19103F-16F7-4668-BE54-9A1E7A4F7556}") = "Test.DataDapper", "Test.DataDapper\Test.DataDapper.csproj", "{C832A7FB-8F67-41A3-A54F-3A3E9BB34BF7}"
EndProject
Project("{9A19103F-16F7-4668-BE54-9A1E7A4F7556}") = "Test.ViewModel", "Test.ViewModel\Test.ViewModel.csproj", "{55FCFFC8-4D40-42F2-B821-9FEEA7819FA8}"
EndProject
Project("{9A19103F-16F7-4668-BE54-9A1E7A4F7556}") = "Test.OpenSite", "Test.OpenSite\Test.OpenSite.csproj", "{486CD641-6D0D-4D2B-953E-CB295FFE18D2}"
EndProject
Project("{9A19103F-16F7-4668-BE54-9A1E7A4F7556}") = "Test.Utils", "Test.Utils\Test.Utils.csproj", "{2A4CE114-25E5-47CF-82EE-C86D82A1E4B8}"
EndProject
Global
	GlobalSection(SolutionConfigurationPlatforms) = preSolution
		Debug|Any CPU = Debug|Any CPU
		Release|Any CPU = Release|Any CPU
	EndGlobalSection
	GlobalSection(ProjectConfigurationPlatforms) = postSolution
		{74E23C69-E6DD-48ED-9299-13B3B03121B9}.Debug|Any CPU.ActiveCfg = Debug|Any CPU
		{74E23C69-E6DD-48ED-9299-13B3B03121B9}.Debug|Any CPU.Build.0 = Debug|Any CPU
		{74E23C69-E6DD-48ED-9299-13B3B03121B9}.Release|Any CPU.ActiveCfg = Release|Any CPU
		{74E23C69-E6DD-48ED-9299-13B3B03121B9}.Release|Any CPU.Build.0 = Release|Any CPU
		{C90DB8AA-9842-4A17-A74A-87DF239A3704}.Debug|Any CPU.ActiveCfg = Debug|Any CPU
		{C90DB8AA-9842-4A17-A74A-87DF239A3704}.Debug|Any CPU.Build.0 = Debug|Any CPU
		{C90DB8AA-9842-4A17-A74A-87DF239A3704}.Release|Any CPU.ActiveCfg = Release|Any CPU
		{C90DB8AA-9842-4A17-A74A-87DF239A3704}.Release|Any CPU.Build.0 = Release|Any CPU
		{C832A7FB-8F67-41A3-A54F-3A3E9BB34BF7}.Debug|Any CPU.ActiveCfg = Debug|Any CPU
		{C832A7FB-8F67-41A3-A54F-3A3E9BB34BF7}.Debug|Any CPU.Build.0 = Debug|Any CPU
		{C832A7FB-8F67-41A3-A54F-3A3E9BB34BF7}.Release|Any CPU.ActiveCfg = Release|Any CPU
		{C832A7FB-8F67-41A3-A54F-3A3E9BB34BF7}.Release|Any CPU.Build.0 = Release|Any CPU
		{55FCFFC8-4D40-42F2-B821-9FEEA7819FA8}.Debug|Any CPU.ActiveCfg = Debug|Any CPU
		{55FCFFC8-4D40-42F2-B821-9FEEA7819FA8}.Debug|Any CPU.Build.0 = Debug|Any CPU
		{55FCFFC8-4D40-42F2-B821-9FEEA7819FA8}.Release|Any CPU.ActiveCfg = Release|Any CPU
		{55FCFFC8-4D40-42F2-B821-9FEEA7819FA8}.Release|Any CPU.Build.0 = Release|Any CPU
		{486CD641-6D0D-4D2B-953E-CB295FFE18D2}.Debug|Any CPU.ActiveCfg = Debug|Any CPU
		{486CD641-6D0D-4D2B-953E-CB295FFE18D2}.Debug|Any CPU.Build.0 = Debug|Any CPU
		{486CD641-6D0D-4D2B-953E-CB295FFE18D2}.Release|Any CPU.ActiveCfg = Release|Any CPU
		{486CD641-6D0D-4D2B-953E-CB295FFE18D2}.Release|Any CPU.Build.0 = Release|Any CPU
		{2A4CE114-25E5-47CF-82EE-C86D82A1E4B8}.Debug|Any CPU.ActiveCfg = Debug|Any CPU
		{2A4CE114-25E5-47CF-82EE-C86D82A1E4B8}.Debug|Any CPU.Build.0 = Debug|Any CPU
		{2A4CE114-25E5-47CF-82EE-C86D82A1E4B8}.Release|Any CPU.ActiveCfg = Release|Any CPU
		{2A4CE114-25E5-47CF-82EE-C86D82A1E4B8}.Release|Any CPU.Build.0 = Release|Any CPU
	EndGlobalSection
	GlobalSection(SolutionProperties) = preSolution
		HideSolutionNode = FALSE
	EndGlobalSection
	GlobalSection(ExtensibilityGlobals) = postSolution
		SolutionGuid = {25BD4266-2A46-4F83-9C63-E35D0FB60E81}
	EndGlobalSection
EndGlobal
